
Microsoft Visual Studio Solution File, Format Version 12.00
# Visual Studio Version 16
VisualStudioVersion = 16.0.33927.289
MinimumVisualStudioVersion = 10.0.40219.1
Project("{2150E333-8FDC-42A3-9474-1A3956D46DE8}") = "Task0", "Task0", "{0B463DAA-3366-4E43-94D3-12C19AAEF5AE}"
EndProject
Project("{FAE04EC0-301F-11D3-BF4B-00C04F79EFBC}") = "Tyuiu.KorneevaEA.Sprint1.Task0.V14", "Tyuiu.KorneevaEA.Sprint1.Task0.V14\Tyuiu.KorneevaEA.Sprint1.Task0.V14.csproj", "{BAE633BD-82F9-4377-AA16-B46CBD0A312D}"
EndProject
Project("{2150E333-8FDC-42A3-9474-1A3956D46DE8}") = "Task1", "Task1", "{7C881569-A876-41C0-AF92-A563D9928022}"
EndProject
Project("{FAE04EC0-301F-11D3-BF4B-00C04F79EFBC}") = "Tyuiu.KorneevaEA.Sprint1.Task1.V15", "Tyuiu.KorneevaEA.Sprint1.Task1.V15\Tyuiu.KorneevaEA.Sprint1.Task1.V15.csproj", "{9B47A4D5-BA9E-46F4-83B4-94C78D4E0DDC}"
EndProject
Project("{FAE04EC0-301F-11D3-BF4B-00C04F79EFBC}") = "Tyuiu.KorneevaEA.Sprint1.Task1.V15.Test", "Tyuiu.KorneevaEA.Sprint1.Task1.V15.Test\Tyuiu.KorneevaEA.Sprint1.Task1.V15.Test.csproj", "{E766EC7B-73F9-45AD-8AAC-C89BF9CBBF2D}"
EndProject
Project("{FAE04EC0-301F-11D3-BF4B-00C04F79EFBC}") = "Tyuiu.KorneevaEA.Sprint1.Task1.V15.Lib", "Tyuiu.KorneevaEA.Sprint1.Task1.V15.Lib\Tyuiu.KorneevaEA.Sprint1.Task1.V15.Lib.csproj", "{4A13F977-4788-4B6A-A705-8EE62243EE43}"
EndProject
Project("{2150E333-8FDC-42A3-9474-1A3956D46DE8}") = "Task2", "Task2", "{3667A28C-F630-4770-B71A-E6EA2622E253}"
EndProject
Project("{2150E333-8FDC-42A3-9474-1A3956D46DE8}") = "Task3", "Task3", "{A8FB8C9C-3BDE-4D86-B2F7-098203A54D6D}"
EndProject
Project("{2150E333-8FDC-42A3-9474-1A3956D46DE8}") = "Task4", "Task4", "{791F8A07-DF84-4D9D-B023-AC9BA177453B}"
EndProject
Project("{2150E333-8FDC-42A3-9474-1A3956D46DE8}") = "Task5", "Task5", "{A6727C4B-A729-4CF0-86E8-89F18C961198}"
EndProject
Project("{2150E333-8FDC-42A3-9474-1A3956D46DE8}") = "Task6", "Task6", "{C82AED47-40FD-4B6A-93F7-DFC5F05B3CB1}"
EndProject
Project("{2150E333-8FDC-42A3-9474-1A3956D46DE8}") = "Task7", "Task7", "{0C6EDA1F-B1B0-4D49-AB71-1CF26BA09D4F}"
EndProject
Project("{2150E333-8FDC-42A3-9474-1A3956D46DE8}") = "TaskReview", "TaskReview", "{F4931302-F53D-4032-8E09-D28D76D4D8D2}"
EndProject
Project("{FAE04EC0-301F-11D3-BF4B-00C04F79EFBC}") = "Tyuiu.KorneevaEA.Sprint1.Task2.V19", "Tyuiu.KorneevaEA.Sprint1.Task2.V19\Tyuiu.KorneevaEA.Sprint1.Task2.V19.csproj", "{A8213862-44CC-4990-B6FD-6F5F1D5C6845}"
EndProject
Project("{FAE04EC0-301F-11D3-BF4B-00C04F79EFBC}") = "Tyuiu.KorneevaEA.Sprint1.Task2.V19.Lib", "Tyuiu.KorneevaEA.Sprint1.Task2.V19.Lib\Tyuiu.KorneevaEA.Sprint1.Task2.V19.Lib.csproj", "{79FCE6C4-62C2-4B95-AD7C-B9E308F4DB3A}"
EndProject
Project("{FAE04EC0-301F-11D3-BF4B-00C04F79EFBC}") = "Tyuiu.KorneevaEA.Sprint1.Task2.V19.Test", "Tyuiu.KorneevaEA.Sprint1.Task2.V19.Test\Tyuiu.KorneevaEA.Sprint1.Task2.V19.Test.csproj", "{D1CBC813-E1A7-41D2-BDA1-032A8F9036B0}"
EndProject
Project("{FAE04EC0-301F-11D3-BF4B-00C04F79EFBC}") = "Tyuiu.KorneevaEA.Sprint1.Task3.V8", "Tyuiu.KorneevaEA.Sprint1.Task3.V8\Tyuiu.KorneevaEA.Sprint1.Task3.V8.csproj", "{7D8FCDC6-84A0-415D-99C9-7BA150645342}"
EndProject
Project("{FAE04EC0-301F-11D3-BF4B-00C04F79EFBC}") = "Tyuiu.KorneevaEA.Sprint1.Task3.V8.Test", "Tyuiu.KorneevaEA.Sprint1.Task3.V8.Test\Tyuiu.KorneevaEA.Sprint1.Task3.V8.Test.csproj", "{BC46F038-81A9-4EB7-B3C4-40DEF16FFE4F}"
EndProject
Project("{FAE04EC0-301F-11D3-BF4B-00C04F79EFBC}") = "Tyuiu.KorneevaEA.Sprint1.Task3.V8.Lib", "Tyuiu.KorneevaEA.Sprint1.Task3.V8.Lib\Tyuiu.KorneevaEA.Sprint1.Task3.V8.Lib.csproj", "{CC85422B-334A-400D-9C77-6646131B83FA}"
EndProject
Project("{FAE04EC0-301F-11D3-BF4B-00C04F79EFBC}") = "Tyuiu.KorneevaEA.Sprint1.Task4.V8", "Tyuiu.KorneevaEA.Sprint1.Task4.V8\Tyuiu.KorneevaEA.Sprint1.Task4.V8.csproj", "{1BE69493-76A7-424B-B75A-A75496C2D01F}"
EndProject
Project("{FAE04EC0-301F-11D3-BF4B-00C04F79EFBC}") = "Tyuiu.KorneevaEA.Sprint1.Task4.V8.Lib", "Tyuiu.KorneevaEA.Sprint1.Task4.V8.Lib\Tyuiu.KorneevaEA.Sprint1.Task4.V8.Lib.csproj", "{CF8FA69F-E09B-40C6-BB49-AB07146B7706}"
EndProject
Project("{FAE04EC0-301F-11D3-BF4B-00C04F79EFBC}") = "Tyuiu.KorneevaEA.Sprint1.Task4.V8.Test", "Tyuiu.KorneevaEA.Sprint1.Task4.V8.Test\Tyuiu.KorneevaEA.Sprint1.Task4.V8.Test.csproj", "{C888E736-7CCC-4978-AA1A-FAF6AD9EC799}"
EndProject
Project("{FAE04EC0-301F-11D3-BF4B-00C04F79EFBC}") = "Tyuiu.KorneevaEA.Sprint1.Task5.V7", "Tyuiu.KorneevaEA.Sprint1.Task5.V7\Tyuiu.KorneevaEA.Sprint1.Task5.V7.csproj", "{1A28F1F3-C35C-44D6-8187-9EEBE74CE209}"
EndProject
Project("{FAE04EC0-301F-11D3-BF4B-00C04F79EFBC}") = "Tyuiu.KorneevaEA.Sprint1.Task5.V7.Test", "Tyuiu.KorneevaEA.Sprint1.Task5.V7.Test\Tyuiu.KorneevaEA.Sprint1.Task5.V7.Test.csproj", "{45A79CFF-B585-43D6-AF93-0C0D355367CB}"
EndProject
Project("{FAE04EC0-301F-11D3-BF4B-00C04F79EFBC}") = "Tyuiu.KorneevaEA.Sprint1.Task5.V7.Lib", "Tyuiu.KorneevaEA.Sprint1.Task5.V7.Lib\Tyuiu.KorneevaEA.Sprint1.Task5.V7.Lib.csproj", "{10000FBF-3425-491F-996E-61A73E100DA9}"
EndProject
Project("{FAE04EC0-301F-11D3-BF4B-00C04F79EFBC}") = "Tyuiu.KorneevaEA.Sprint1.Task6.V1", "Tyuiu.KorneevaEA.Sprint1.Task6.V1\Tyuiu.KorneevaEA.Sprint1.Task6.V1.csproj", "{1D09284F-7E16-4D67-9A86-47E648BCF155}"
EndProject
Project("{FAE04EC0-301F-11D3-BF4B-00C04F79EFBC}") = "Tyuiu.KorneevaEA.Sprint1.Task6.V1.Lib", "Tyuiu.KorneevaEA.Sprint1.Task6.V1.Lib\Tyuiu.KorneevaEA.Sprint1.Task6.V1.Lib.csproj", "{BB471407-48E8-40DA-92FC-12021D4C457E}"
EndProject
Project("{FAE04EC0-301F-11D3-BF4B-00C04F79EFBC}") = "Tyuiu.KorneevaEA.Sprint1.Task6.V1.Test", "Tyuiu.KorneevaEA.Sprint1.Task6.V1.Test\Tyuiu.KorneevaEA.Sprint1.Task6.V1.Test.csproj", "{EB90DD56-5031-4375-8D3F-48795EFA0A08}"
EndProject
Project("{FAE04EC0-301F-11D3-BF4B-00C04F79EFBC}") = "Tyuiu.KorneevaEA.Sprint1.Task7.V27", "Tyuiu.KorneevaEA.Sprint1.Task7.V27\Tyuiu.KorneevaEA.Sprint1.Task7.V27.csproj", "{184CC6CA-F40F-47CB-A9B0-E475085239E0}"
EndProject
Project("{FAE04EC0-301F-11D3-BF4B-00C04F79EFBC}") = "Tyuiu.KorneevaEA.Sprint1.Task7.V27.Test", "Tyuiu.KorneevaEA.Sprint1.Task7.V27.Test\Tyuiu.KorneevaEA.Sprint1.Task7.V27.Test.csproj", "{C434B08E-409B-4DA3-A699-C515A8D10D22}"
EndProject
Project("{FAE04EC0-301F-11D3-BF4B-00C04F79EFBC}") = "Tyuiu.KorneevaEA.Sprint1.Task7.V27.Lib", "Tyuiu.KorneevaEA.Sprint1.Task7.V27.Lib\Tyuiu.KorneevaEA.Sprint1.Task7.V27.Lib.csproj", "{80203E19-C39C-4B8E-96E2-7DF4284F69DE}"
EndProject
Project("{FAE04EC0-301F-11D3-BF4B-00C04F79EFBC}") = "Tyuiu.KorneevaEA.Sprint1.TaskReview.V30", "Tyuiu.KorneevaEA.Sprint1.TaskReview.V30\Tyuiu.KorneevaEA.Sprint1.TaskReview.V30.csproj", "{1A7B4079-9833-4A18-AC11-FFE2113EC3DF}"
EndProject
Project("{FAE04EC0-301F-11D3-BF4B-00C04F79EFBC}") = "Tyuiu.KorneevaEA.Sprint1.TaskReview.V30.Lib", "Tyuiu.KorneevaEA.Sprint1.TaskReview.V30.Lib\Tyuiu.KorneevaEA.Sprint1.TaskReview.V30.Lib.csproj", "{5C50F15A-BC64-4D33-8DF2-01EFACB142D3}"
EndProject
Project("{FAE04EC0-301F-11D3-BF4B-00C04F79EFBC}") = "Tyuiu.KorneevaEA.Sprint1.TaskReview.V30.Test", "Tyuiu.KorneevaEA.Sprint1.TaskReview.V30.Test\Tyuiu.KorneevaEA.Sprint1.TaskReview.V30.Test.csproj", "{BB18BE98-1211-4969-9CA4-42944C21A68E}"
EndProject
Project("{FAE04EC0-301F-11D3-BF4B-00C04F79EFBC}") = "Tyuiu.KorneevaEA.Sprint1.Task0.V14.Lib", "Tyuiu.KorneevaEA.Sprint1.Task0.V14.Lib\Tyuiu.KorneevaEA.Sprint1.Task0.V14.Lib.csproj", "{40EF718A-785F-4C90-A865-E86D16776EB2}"
EndProject
Project("{FAE04EC0-301F-11D3-BF4B-00C04F79EFBC}") = "Tyuiu.KorneevaEA.Sprint1.Task0.V14.Test", "Tyuiu.KorneevaEA.Sprint1.Task0.V14.Test\Tyuiu.KorneevaEA.Sprint1.Task0.V14.Test.csproj", "{8958BCD7-8DD8-45C2-BE91-F59046CD4308}"
EndProject
Global
	GlobalSection(SolutionConfigurationPlatforms) = preSolution
		Debug|Any CPU = Debug|Any CPU
		Release|Any CPU = Release|Any CPU
	EndGlobalSection
	GlobalSection(ProjectConfigurationPlatforms) = postSolution
		{BAE633BD-82F9-4377-AA16-B46CBD0A312D}.Debug|Any CPU.ActiveCfg = Debug|Any CPU
		{BAE633BD-82F9-4377-AA16-B46CBD0A312D}.Debug|Any CPU.Build.0 = Debug|Any CPU
		{BAE633BD-82F9-4377-AA16-B46CBD0A312D}.Release|Any CPU.ActiveCfg = Release|Any CPU
		{BAE633BD-82F9-4377-AA16-B46CBD0A312D}.Release|Any CPU.Build.0 = Release|Any CPU
		{9B47A4D5-BA9E-46F4-83B4-94C78D4E0DDC}.Debug|Any CPU.ActiveCfg = Debug|Any CPU
		{9B47A4D5-BA9E-46F4-83B4-94C78D4E0DDC}.Debug|Any CPU.Build.0 = Debug|Any CPU
		{9B47A4D5-BA9E-46F4-83B4-94C78D4E0DDC}.Release|Any CPU.ActiveCfg = Release|Any CPU
		{9B47A4D5-BA9E-46F4-83B4-94C78D4E0DDC}.Release|Any CPU.Build.0 = Release|Any CPU
		{E766EC7B-73F9-45AD-8AAC-C89BF9CBBF2D}.Debug|Any CPU.ActiveCfg = Debug|Any CPU
		{E766EC7B-73F9-45AD-8AAC-C89BF9CBBF2D}.Debug|Any CPU.Build.0 = Debug|Any CPU
		{E766EC7B-73F9-45AD-8AAC-C89BF9CBBF2D}.Release|Any CPU.ActiveCfg = Release|Any CPU
		{E766EC7B-73F9-45AD-8AAC-C89BF9CBBF2D}.Release|Any CPU.Build.0 = Release|Any CPU
		{4A13F977-4788-4B6A-A705-8EE62243EE43}.Debug|Any CPU.ActiveCfg = Debug|Any CPU
		{4A13F977-4788-4B6A-A705-8EE62243EE43}.Debug|Any CPU.Build.0 = Debug|Any CPU
		{4A13F977-4788-4B6A-A705-8EE62243EE43}.Release|Any CPU.ActiveCfg = Release|Any CPU
		{4A13F977-4788-4B6A-A705-8EE62243EE43}.Release|Any CPU.Build.0 = Release|Any CPU
		{A8213862-44CC-4990-B6FD-6F5F1D5C6845}.Debug|Any CPU.ActiveCfg = Debug|Any CPU
		{A8213862-44CC-4990-B6FD-6F5F1D5C6845}.Debug|Any CPU.Build.0 = Debug|Any CPU
		{A8213862-44CC-4990-B6FD-6F5F1D5C6845}.Release|Any CPU.ActiveCfg = Release|Any CPU
		{A8213862-44CC-4990-B6FD-6F5F1D5C6845}.Release|Any CPU.Build.0 = Release|Any CPU
		{79FCE6C4-62C2-4B95-AD7C-B9E308F4DB3A}.Debug|Any CPU.ActiveCfg = Debug|Any CPU
		{79FCE6C4-62C2-4B95-AD7C-B9E308F4DB3A}.Debug|Any CPU.Build.0 = Debug|Any CPU
		{79FCE6C4-62C2-4B95-AD7C-B9E308F4DB3A}.Release|Any CPU.ActiveCfg = Release|Any CPU
		{79FCE6C4-62C2-4B95-AD7C-B9E308F4DB3A}.Release|Any CPU.Build.0 = Release|Any CPU
		{D1CBC813-E1A7-41D2-BDA1-032A8F9036B0}.Debug|Any CPU.ActiveCfg = Debug|Any CPU
		{D1CBC813-E1A7-41D2-BDA1-032A8F9036B0}.Debug|Any CPU.Build.0 = Debug|Any CPU
		{D1CBC813-E1A7-41D2-BDA1-032A8F9036B0}.Release|Any CPU.ActiveCfg = Release|Any CPU
		{D1CBC813-E1A7-41D2-BDA1-032A8F9036B0}.Release|Any CPU.Build.0 = Release|Any CPU
		{7D8FCDC6-84A0-415D-99C9-7BA150645342}.Debug|Any CPU.ActiveCfg = Debug|Any CPU
		{7D8FCDC6-84A0-415D-99C9-7BA150645342}.Debug|Any CPU.Build.0 = Debug|Any CPU
		{7D8FCDC6-84A0-415D-99C9-7BA150645342}.Release|Any CPU.ActiveCfg = Release|Any CPU
		{7D8FCDC6-84A0-415D-99C9-7BA150645342}.Release|Any CPU.Build.0 = Release|Any CPU
		{BC46F038-81A9-4EB7-B3C4-40DEF16FFE4F}.Debug|Any CPU.ActiveCfg = Debug|Any CPU
		{BC46F038-81A9-4EB7-B3C4-40DEF16FFE4F}.Debug|Any CPU.Build.0 = Debug|Any CPU
		{BC46F038-81A9-4EB7-B3C4-40DEF16FFE4F}.Release|Any CPU.ActiveCfg = Release|Any CPU
		{BC46F038-81A9-4EB7-B3C4-40DEF16FFE4F}.Release|Any CPU.Build.0 = Release|Any CPU
		{CC85422B-334A-400D-9C77-6646131B83FA}.Debug|Any CPU.ActiveCfg = Debug|Any CPU
		{CC85422B-334A-400D-9C77-6646131B83FA}.Debug|Any CPU.Build.0 = Debug|Any CPU
		{CC85422B-334A-400D-9C77-6646131B83FA}.Release|Any CPU.ActiveCfg = Release|Any CPU
		{CC85422B-334A-400D-9C77-6646131B83FA}.Release|Any CPU.Build.0 = Release|Any CPU
		{1BE69493-76A7-424B-B75A-A75496C2D01F}.Debug|Any CPU.ActiveCfg = Debug|Any CPU
		{1BE69493-76A7-424B-B75A-A75496C2D01F}.Debug|Any CPU.Build.0 = Debug|Any CPU
		{1BE69493-76A7-424B-B75A-A75496C2D01F}.Release|Any CPU.ActiveCfg = Release|Any CPU
		{1BE69493-76A7-424B-B75A-A75496C2D01F}.Release|Any CPU.Build.0 = Release|Any CPU
		{CF8FA69F-E09B-40C6-BB49-AB07146B7706}.Debug|Any CPU.ActiveCfg = Debug|Any CPU
		{CF8FA69F-E09B-40C6-BB49-AB07146B7706}.Debug|Any CPU.Build.0 = Debug|Any CPU
		{CF8FA69F-E09B-40C6-BB49-AB07146B7706}.Release|Any CPU.ActiveCfg = Release|Any CPU
		{CF8FA69F-E09B-40C6-BB49-AB07146B7706}.Release|Any CPU.Build.0 = Release|Any CPU
		{C888E736-7CCC-4978-AA1A-FAF6AD9EC799}.Debug|Any CPU.ActiveCfg = Debug|Any CPU
		{C888E736-7CCC-4978-AA1A-FAF6AD9EC799}.Debug|Any CPU.Build.0 = Debug|Any CPU
		{C888E736-7CCC-4978-AA1A-FAF6AD9EC799}.Release|Any CPU.ActiveCfg = Release|Any CPU
		{C888E736-7CCC-4978-AA1A-FAF6AD9EC799}.Release|Any CPU.Build.0 = Release|Any CPU
		{1A28F1F3-C35C-44D6-8187-9EEBE74CE209}.Debug|Any CPU.ActiveCfg = Debug|Any CPU
		{1A28F1F3-C35C-44D6-8187-9EEBE74CE209}.Debug|Any CPU.Build.0 = Debug|Any CPU
		{1A28F1F3-C35C-44D6-8187-9EEBE74CE209}.Release|Any CPU.ActiveCfg = Release|Any CPU
		{1A28F1F3-C35C-44D6-8187-9EEBE74CE209}.Release|Any CPU.Build.0 = Release|Any CPU
		{45A79CFF-B585-43D6-AF93-0C0D355367CB}.Debug|Any CPU.ActiveCfg = Debug|Any CPU
		{45A79CFF-B585-43D6-AF93-0C0D355367CB}.Debug|Any CPU.Build.0 = Debug|Any CPU
		{45A79CFF-B585-43D6-AF93-0C0D355367CB}.Release|Any CPU.ActiveCfg = Release|Any CPU
		{45A79CFF-B585-43D6-AF93-0C0D355367CB}.Release|Any CPU.Build.0 = Release|Any CPU
		{10000FBF-3425-491F-996E-61A73E100DA9}.Debug|Any CPU.ActiveCfg = Debug|Any CPU
		{10000FBF-3425-491F-996E-61A73E100DA9}.Debug|Any CPU.Build.0 = Debug|Any CPU
		{10000FBF-3425-491F-996E-61A73E100DA9}.Release|Any CPU.ActiveCfg = Release|Any CPU
		{10000FBF-3425-491F-996E-61A73E100DA9}.Release|Any CPU.Build.0 = Release|Any CPU
		{1D09284F-7E16-4D67-9A86-47E648BCF155}.Debug|Any CPU.ActiveCfg = Debug|Any CPU
		{1D09284F-7E16-4D67-9A86-47E648BCF155}.Debug|Any CPU.Build.0 = Debug|Any CPU
		{1D09284F-7E16-4D67-9A86-47E648BCF155}.Release|Any CPU.ActiveCfg = Release|Any CPU
		{1D09284F-7E16-4D67-9A86-47E648BCF155}.Release|Any CPU.Build.0 = Release|Any CPU
		{BB471407-48E8-40DA-92FC-12021D4C457E}.Debug|Any CPU.ActiveCfg = Debug|Any CPU
		{BB471407-48E8-40DA-92FC-12021D4C457E}.Debug|Any CPU.Build.0 = Debug|Any CPU
		{BB471407-48E8-40DA-92FC-12021D4C457E}.Release|Any CPU.ActiveCfg = Release|Any CPU
		{BB471407-48E8-40DA-92FC-12021D4C457E}.Release|Any CPU.Build.0 = Release|Any CPU
		{EB90DD56-5031-4375-8D3F-48795EFA0A08}.Debug|Any CPU.ActiveCfg = Debug|Any CPU
		{EB90DD56-5031-4375-8D3F-48795EFA0A08}.Debug|Any CPU.Build.0 = Debug|Any CPU
		{EB90DD56-5031-4375-8D3F-48795EFA0A08}.Release|Any CPU.ActiveCfg = Release|Any CPU
		{EB90DD56-5031-4375-8D3F-48795EFA0A08}.Release|Any CPU.Build.0 = Release|Any CPU
		{184CC6CA-F40F-47CB-A9B0-E475085239E0}.Debug|Any CPU.ActiveCfg = Debug|Any CPU
		{184CC6CA-F40F-47CB-A9B0-E475085239E0}.Debug|Any CPU.Build.0 = Debug|Any CPU
		{184CC6CA-F40F-47CB-A9B0-E475085239E0}.Release|Any CPU.ActiveCfg = Release|Any CPU
		{184CC6CA-F40F-47CB-A9B0-E475085239E0}.Release|Any CPU.Build.0 = Release|Any CPU
		{C434B08E-409B-4DA3-A699-C515A8D10D22}.Debug|Any CPU.ActiveCfg = Debug|Any CPU
		{C434B08E-409B-4DA3-A699-C515A8D10D22}.Debug|Any CPU.Build.0 = Debug|Any CPU
		{C434B08E-409B-4DA3-A699-C515A8D10D22}.Release|Any CPU.ActiveCfg = Release|Any CPU
		{C434B08E-409B-4DA3-A699-C515A8D10D22}.Release|Any CPU.Build.0 = Release|Any CPU
		{80203E19-C39C-4B8E-96E2-7DF4284F69DE}.Debug|Any CPU.ActiveCfg = Debug|Any CPU
		{80203E19-C39C-4B8E-96E2-7DF4284F69DE}.Debug|Any CPU.Build.0 = Debug|Any CPU
		{80203E19-C39C-4B8E-96E2-7DF4284F69DE}.Release|Any CPU.ActiveCfg = Release|Any CPU
		{80203E19-C39C-4B8E-96E2-7DF4284F69DE}.Release|Any CPU.Build.0 = Release|Any CPU
		{1A7B4079-9833-4A18-AC11-FFE2113EC3DF}.Debug|Any CPU.ActiveCfg = Debug|Any CPU
		{1A7B4079-9833-4A18-AC11-FFE2113EC3DF}.Debug|Any CPU.Build.0 = Debug|Any CPU
		{1A7B4079-9833-4A18-AC11-FFE2113EC3DF}.Release|Any CPU.ActiveCfg = Release|Any CPU
		{1A7B4079-9833-4A18-AC11-FFE2113EC3DF}.Release|Any CPU.Build.0 = Release|Any CPU
		{5C50F15A-BC64-4D33-8DF2-01EFACB142D3}.Debug|Any CPU.ActiveCfg = Debug|Any CPU
		{5C50F15A-BC64-4D33-8DF2-01EFACB142D3}.Debug|Any CPU.Build.0 = Debug|Any CPU
		{5C50F15A-BC64-4D33-8DF2-01EFACB142D3}.Release|Any CPU.ActiveCfg = Release|Any CPU
		{5C50F15A-BC64-4D33-8DF2-01EFACB142D3}.Release|Any CPU.Build.0 = Release|Any CPU
		{BB18BE98-1211-4969-9CA4-42944C21A68E}.Debug|Any CPU.ActiveCfg = Debug|Any CPU
		{BB18BE98-1211-4969-9CA4-42944C21A68E}.Debug|Any CPU.Build.0 = Debug|Any CPU
		{BB18BE98-1211-4969-9CA4-42944C21A68E}.Release|Any CPU.ActiveCfg = Release|Any CPU
		{BB18BE98-1211-4969-9CA4-42944C21A68E}.Release|Any CPU.Build.0 = Release|Any CPU
		{40EF718A-785F-4C90-A865-E86D16776EB2}.Debug|Any CPU.ActiveCfg = Debug|Any CPU
		{40EF718A-785F-4C90-A865-E86D16776EB2}.Debug|Any CPU.Build.0 = Debug|Any CPU
		{40EF718A-785F-4C90-A865-E86D16776EB2}.Release|Any CPU.ActiveCfg = Release|Any CPU
		{40EF718A-785F-4C90-A865-E86D16776EB2}.Release|Any CPU.Build.0 = Release|Any CPU
		{8958BCD7-8DD8-45C2-BE91-F59046CD4308}.Debug|Any CPU.ActiveCfg = Debug|Any CPU
		{8958BCD7-8DD8-45C2-BE91-F59046CD4308}.Debug|Any CPU.Build.0 = Debug|Any CPU
		{8958BCD7-8DD8-45C2-BE91-F59046CD4308}.Release|Any CPU.ActiveCfg = Release|Any CPU
		{8958BCD7-8DD8-45C2-BE91-F59046CD4308}.Release|Any CPU.Build.0 = Release|Any CPU
	EndGlobalSection
	GlobalSection(SolutionProperties) = preSolution
		HideSolutionNode = FALSE
	EndGlobalSection
	GlobalSection(NestedProjects) = preSolution
		{BAE633BD-82F9-4377-AA16-B46CBD0A312D} = {0B463DAA-3366-4E43-94D3-12C19AAEF5AE}
		{9B47A4D5-BA9E-46F4-83B4-94C78D4E0DDC} = {7C881569-A876-41C0-AF92-A563D9928022}
		{E766EC7B-73F9-45AD-8AAC-C89BF9CBBF2D} = {7C881569-A876-41C0-AF92-A563D9928022}
		{4A13F977-4788-4B6A-A705-8EE62243EE43} = {7C881569-A876-41C0-AF92-A563D9928022}
		{A8213862-44CC-4990-B6FD-6F5F1D5C6845} = {3667A28C-F630-4770-B71A-E6EA2622E253}
		{79FCE6C4-62C2-4B95-AD7C-B9E308F4DB3A} = {3667A28C-F630-4770-B71A-E6EA2622E253}
		{D1CBC813-E1A7-41D2-BDA1-032A8F9036B0} = {3667A28C-F630-4770-B71A-E6EA2622E253}
		{7D8FCDC6-84A0-415D-99C9-7BA150645342} = {A8FB8C9C-3BDE-4D86-B2F7-098203A54D6D}
		{BC46F038-81A9-4EB7-B3C4-40DEF16FFE4F} = {A8FB8C9C-3BDE-4D86-B2F7-098203A54D6D}
		{CC85422B-334A-400D-9C77-6646131B83FA} = {A8FB8C9C-3BDE-4D86-B2F7-098203A54D6D}
		{1BE69493-76A7-424B-B75A-A75496C2D01F} = {791F8A07-DF84-4D9D-B023-AC9BA177453B}
		{CF8FA69F-E09B-40C6-BB49-AB07146B7706} = {791F8A07-DF84-4D9D-B023-AC9BA177453B}
		{C888E736-7CCC-4978-AA1A-FAF6AD9EC799} = {791F8A07-DF84-4D9D-B023-AC9BA177453B}
		{1A28F1F3-C35C-44D6-8187-9EEBE74CE209} = {A6727C4B-A729-4CF0-86E8-89F18C961198}
		{45A79CFF-B585-43D6-AF93-0C0D355367CB} = {A6727C4B-A729-4CF0-86E8-89F18C961198}
		{10000FBF-3425-491F-996E-61A73E100DA9} = {A6727C4B-A729-4CF0-86E8-89F18C961198}
		{1D09284F-7E16-4D67-9A86-47E648BCF155} = {C82AED47-40FD-4B6A-93F7-DFC5F05B3CB1}
		{BB471407-48E8-40DA-92FC-12021D4C457E} = {C82AED47-40FD-4B6A-93F7-DFC5F05B3CB1}
		{EB90DD56-5031-4375-8D3F-48795EFA0A08} = {C82AED47-40FD-4B6A-93F7-DFC5F05B3CB1}
		{184CC6CA-F40F-47CB-A9B0-E475085239E0} = {0C6EDA1F-B1B0-4D49-AB71-1CF26BA09D4F}
		{C434B08E-409B-4DA3-A699-C515A8D10D22} = {0C6EDA1F-B1B0-4D49-AB71-1CF26BA09D4F}
		{80203E19-C39C-4B8E-96E2-7DF4284F69DE} = {0C6EDA1F-B1B0-4D49-AB71-1CF26BA09D4F}
		{1A7B4079-9833-4A18-AC11-FFE2113EC3DF} = {F4931302-F53D-4032-8E09-D28D76D4D8D2}
		{5C50F15A-BC64-4D33-8DF2-01EFACB142D3} = {F4931302-F53D-4032-8E09-D28D76D4D8D2}
		{BB18BE98-1211-4969-9CA4-42944C21A68E} = {F4931302-F53D-4032-8E09-D28D76D4D8D2}
		{40EF718A-785F-4C90-A865-E86D16776EB2} = {0B463DAA-3366-4E43-94D3-12C19AAEF5AE}
		{8958BCD7-8DD8-45C2-BE91-F59046CD4308} = {0B463DAA-3366-4E43-94D3-12C19AAEF5AE}
	EndGlobalSection
	GlobalSection(ExtensibilityGlobals) = postSolution
		SolutionGuid = {E142488D-233F-4D5F-BE9C-826E2A22568C}
	EndGlobalSection
EndGlobal
